// !$*UTF8*$!
{
	archiveVersion = 1;
	classes = {
	};
	objectVersion = 56;
	objects = {

/* Begin PBXBuildFile section */
		40F967F2454ED2C263E91632 /* Pods_ToDo_ToDoUITests.framework in Frameworks */ = {isa = PBXBuildFile; fileRef = 9E494B5BA20C140AA08EF57C /* Pods_ToDo_ToDoUITests.framework */; };
		79F141926E32A18979FAEBBB /* Pods_ToDoTests.framework in Frameworks */ = {isa = PBXBuildFile; fileRef = 6D9E485C8E98592ADD1F1022 /* Pods_ToDoTests.framework */; };
		B62BCD0C2A4F8C9F009F009E /* TaskTableViewCell.swift in Sources */ = {isa = PBXBuildFile; fileRef = B62BCD0B2A4F8C9F009F009E /* TaskTableViewCell.swift */; };
		B62BCD0F2A4FDC99009F009E /* CocoaLumberjack in Frameworks */ = {isa = PBXBuildFile; productRef = B62BCD0E2A4FDC99009F009E /* CocoaLumberjack */; };
		B62BCD112A4FDC99009F009E /* CocoaLumberjackSwift in Frameworks */ = {isa = PBXBuildFile; productRef = B62BCD102A4FDC99009F009E /* CocoaLumberjackSwift */; };
		B62BCD132A4FDC99009F009E /* CocoaLumberjackSwiftLogBackend in Frameworks */ = {isa = PBXBuildFile; productRef = B62BCD122A4FDC99009F009E /* CocoaLumberjackSwiftLogBackend */; };
		B62BCD152A4FDCF8009F009E /* Logger.swift in Sources */ = {isa = PBXBuildFile; fileRef = B62BCD142A4FDCF8009F009E /* Logger.swift */; };
		B63199D02A46360200A54571 /* TodoSettingsView.swift in Sources */ = {isa = PBXBuildFile; fileRef = B63199CF2A46360200A54571 /* TodoSettingsView.swift */; };
		B63199D22A465A3A00A54571 /* DividerView.swift in Sources */ = {isa = PBXBuildFile; fileRef = B63199D12A465A3A00A54571 /* DividerView.swift */; };
		B65D96762A3CFD3900C489A3 /* FileCacheTests.swift in Sources */ = {isa = PBXBuildFile; fileRef = B65D96752A3CFD3900C489A3 /* FileCacheTests.swift */; };
		B666F8AD2A3B781E00FB9051 /* TodoItem.swift in Sources */ = {isa = PBXBuildFile; fileRef = B666F8AC2A3B781E00FB9051 /* TodoItem.swift */; };
		B666F8AF2A3B785800FB9051 /* FileCache.swift in Sources */ = {isa = PBXBuildFile; fileRef = B666F8AE2A3B785800FB9051 /* FileCache.swift */; };
		B67CA2F92A3A15D400FCEC8E /* AppDelegate.swift in Sources */ = {isa = PBXBuildFile; fileRef = B67CA2F82A3A15D400FCEC8E /* AppDelegate.swift */; };
		B67CA2FB2A3A15D400FCEC8E /* SceneDelegate.swift in Sources */ = {isa = PBXBuildFile; fileRef = B67CA2FA2A3A15D400FCEC8E /* SceneDelegate.swift */; };
		B67CA2FD2A3A15D400FCEC8E /* TaskDetailController.swift in Sources */ = {isa = PBXBuildFile; fileRef = B67CA2FC2A3A15D400FCEC8E /* TaskDetailController.swift */; };
		B67CA3022A3A15D700FCEC8E /* Assets.xcassets in Resources */ = {isa = PBXBuildFile; fileRef = B67CA3012A3A15D700FCEC8E /* Assets.xcassets */; };
		B67CA3052A3A15D700FCEC8E /* LaunchScreen.storyboard in Resources */ = {isa = PBXBuildFile; fileRef = B67CA3032A3A15D700FCEC8E /* LaunchScreen.storyboard */; };
		B67CA3102A3A15D700FCEC8E /* ToDoJsonTests.swift in Sources */ = {isa = PBXBuildFile; fileRef = B67CA30F2A3A15D700FCEC8E /* ToDoJsonTests.swift */; };
		B67CA31A2A3A15D700FCEC8E /* ToDoUITests.swift in Sources */ = {isa = PBXBuildFile; fileRef = B67CA3192A3A15D700FCEC8E /* ToDoUITests.swift */; };
		B67CA31C2A3A15D700FCEC8E /* ToDoUITestsLaunchTests.swift in Sources */ = {isa = PBXBuildFile; fileRef = B67CA31B2A3A15D700FCEC8E /* ToDoUITestsLaunchTests.swift */; };
		B6BC7CE02A44B0E600E50B18 /* Assets.swift in Sources */ = {isa = PBXBuildFile; fileRef = B6BC7CDF2A44B0E600E50B18 /* Assets.swift */; };
		B6F780662A4F238100365987 /* TaskTableController.swift in Sources */ = {isa = PBXBuildFile; fileRef = B6F780652A4F238100365987 /* TaskTableController.swift */; };
		F0CC1B2F37C7C1626F3DCED0 /* Pods_ToDo.framework in Frameworks */ = {isa = PBXBuildFile; fileRef = 0B79BDBFE1F2B6AC52B60A62 /* Pods_ToDo.framework */; };
/* End PBXBuildFile section */

/* Begin PBXContainerItemProxy section */
		B67CA30C2A3A15D700FCEC8E /* PBXContainerItemProxy */ = {
			isa = PBXContainerItemProxy;
			containerPortal = B67CA2ED2A3A15D400FCEC8E /* Project object */;
			proxyType = 1;
			remoteGlobalIDString = B67CA2F42A3A15D400FCEC8E;
			remoteInfo = ToDo;
		};
		B67CA3162A3A15D700FCEC8E /* PBXContainerItemProxy */ = {
			isa = PBXContainerItemProxy;
			containerPortal = B67CA2ED2A3A15D400FCEC8E /* Project object */;
			proxyType = 1;
			remoteGlobalIDString = B67CA2F42A3A15D400FCEC8E;
			remoteInfo = ToDo;
		};
/* End PBXContainerItemProxy section */

/* Begin PBXFileReference section */
		0B79BDBFE1F2B6AC52B60A62 /* Pods_ToDo.framework */ = {isa = PBXFileReference; explicitFileType = wrapper.framework; includeInIndex = 0; path = Pods_ToDo.framework; sourceTree = BUILT_PRODUCTS_DIR; };
		0C92746C8C7CB40A8837615F /* Pods-ToDo-ToDoUITests.debug.xcconfig */ = {isa = PBXFileReference; includeInIndex = 1; lastKnownFileType = text.xcconfig; name = "Pods-ToDo-ToDoUITests.debug.xcconfig"; path = "Target Support Files/Pods-ToDo-ToDoUITests/Pods-ToDo-ToDoUITests.debug.xcconfig"; sourceTree = "<group>"; };
		1C17BA161A8A9A3132D4EA6A /* Pods-ToDo-ToDoUITests.release.xcconfig */ = {isa = PBXFileReference; includeInIndex = 1; lastKnownFileType = text.xcconfig; name = "Pods-ToDo-ToDoUITests.release.xcconfig"; path = "Target Support Files/Pods-ToDo-ToDoUITests/Pods-ToDo-ToDoUITests.release.xcconfig"; sourceTree = "<group>"; };
		405B4AAA09FBB5D7197647AD /* Pods-ToDoTests.release.xcconfig */ = {isa = PBXFileReference; includeInIndex = 1; lastKnownFileType = text.xcconfig; name = "Pods-ToDoTests.release.xcconfig"; path = "Target Support Files/Pods-ToDoTests/Pods-ToDoTests.release.xcconfig"; sourceTree = "<group>"; };
		5500F4A28CD914233850230A /* Pods-ToDoTests.debug.xcconfig */ = {isa = PBXFileReference; includeInIndex = 1; lastKnownFileType = text.xcconfig; name = "Pods-ToDoTests.debug.xcconfig"; path = "Target Support Files/Pods-ToDoTests/Pods-ToDoTests.debug.xcconfig"; sourceTree = "<group>"; };
		6D9E485C8E98592ADD1F1022 /* Pods_ToDoTests.framework */ = {isa = PBXFileReference; explicitFileType = wrapper.framework; includeInIndex = 0; path = Pods_ToDoTests.framework; sourceTree = BUILT_PRODUCTS_DIR; };
		906A04CEB995D6E4A7B5CC92 /* Pods-ToDo.debug.xcconfig */ = {isa = PBXFileReference; includeInIndex = 1; lastKnownFileType = text.xcconfig; name = "Pods-ToDo.debug.xcconfig"; path = "Target Support Files/Pods-ToDo/Pods-ToDo.debug.xcconfig"; sourceTree = "<group>"; };
		9E494B5BA20C140AA08EF57C /* Pods_ToDo_ToDoUITests.framework */ = {isa = PBXFileReference; explicitFileType = wrapper.framework; includeInIndex = 0; path = Pods_ToDo_ToDoUITests.framework; sourceTree = BUILT_PRODUCTS_DIR; };
		B62BCD0B2A4F8C9F009F009E /* TaskTableViewCell.swift */ = {isa = PBXFileReference; lastKnownFileType = sourcecode.swift; path = TaskTableViewCell.swift; sourceTree = "<group>"; };
		B62BCD142A4FDCF8009F009E /* Logger.swift */ = {isa = PBXFileReference; lastKnownFileType = sourcecode.swift; path = Logger.swift; sourceTree = "<group>"; };
		B63199CF2A46360200A54571 /* TodoSettingsView.swift */ = {isa = PBXFileReference; lastKnownFileType = sourcecode.swift; path = TodoSettingsView.swift; sourceTree = "<group>"; };
		B63199D12A465A3A00A54571 /* DividerView.swift */ = {isa = PBXFileReference; lastKnownFileType = sourcecode.swift; path = DividerView.swift; sourceTree = "<group>"; };
		B65D96752A3CFD3900C489A3 /* FileCacheTests.swift */ = {isa = PBXFileReference; lastKnownFileType = sourcecode.swift; path = FileCacheTests.swift; sourceTree = "<group>"; };
		B666F8AC2A3B781E00FB9051 /* TodoItem.swift */ = {isa = PBXFileReference; lastKnownFileType = sourcecode.swift; path = TodoItem.swift; sourceTree = "<group>"; };
		B666F8AE2A3B785800FB9051 /* FileCache.swift */ = {isa = PBXFileReference; lastKnownFileType = sourcecode.swift; path = FileCache.swift; sourceTree = "<group>"; };
		B67CA2F52A3A15D400FCEC8E /* ToDo.app */ = {isa = PBXFileReference; explicitFileType = wrapper.application; includeInIndex = 0; path = ToDo.app; sourceTree = BUILT_PRODUCTS_DIR; };
		B67CA2F82A3A15D400FCEC8E /* AppDelegate.swift */ = {isa = PBXFileReference; lastKnownFileType = sourcecode.swift; path = AppDelegate.swift; sourceTree = "<group>"; };
		B67CA2FA2A3A15D400FCEC8E /* SceneDelegate.swift */ = {isa = PBXFileReference; lastKnownFileType = sourcecode.swift; path = SceneDelegate.swift; sourceTree = "<group>"; };
		B67CA2FC2A3A15D400FCEC8E /* TaskDetailController.swift */ = {isa = PBXFileReference; lastKnownFileType = sourcecode.swift; path = TaskDetailController.swift; sourceTree = "<group>"; };
		B67CA3012A3A15D700FCEC8E /* Assets.xcassets */ = {isa = PBXFileReference; lastKnownFileType = folder.assetcatalog; path = Assets.xcassets; sourceTree = "<group>"; };
		B67CA3042A3A15D700FCEC8E /* Base */ = {isa = PBXFileReference; lastKnownFileType = file.storyboard; name = Base; path = Base.lproj/LaunchScreen.storyboard; sourceTree = "<group>"; };
		B67CA3062A3A15D700FCEC8E /* Info.plist */ = {isa = PBXFileReference; lastKnownFileType = text.plist.xml; path = Info.plist; sourceTree = "<group>"; };
		B67CA30B2A3A15D700FCEC8E /* ToDoTests.xctest */ = {isa = PBXFileReference; explicitFileType = wrapper.cfbundle; includeInIndex = 0; path = ToDoTests.xctest; sourceTree = BUILT_PRODUCTS_DIR; };
		B67CA30F2A3A15D700FCEC8E /* ToDoJsonTests.swift */ = {isa = PBXFileReference; lastKnownFileType = sourcecode.swift; path = ToDoJsonTests.swift; sourceTree = "<group>"; };
		B67CA3152A3A15D700FCEC8E /* ToDoUITests.xctest */ = {isa = PBXFileReference; explicitFileType = wrapper.cfbundle; includeInIndex = 0; path = ToDoUITests.xctest; sourceTree = BUILT_PRODUCTS_DIR; };
		B67CA3192A3A15D700FCEC8E /* ToDoUITests.swift */ = {isa = PBXFileReference; lastKnownFileType = sourcecode.swift; path = ToDoUITests.swift; sourceTree = "<group>"; };
		B67CA31B2A3A15D700FCEC8E /* ToDoUITestsLaunchTests.swift */ = {isa = PBXFileReference; lastKnownFileType = sourcecode.swift; path = ToDoUITestsLaunchTests.swift; sourceTree = "<group>"; };
		B6BC7CDF2A44B0E600E50B18 /* Assets.swift */ = {isa = PBXFileReference; lastKnownFileType = sourcecode.swift; path = Assets.swift; sourceTree = "<group>"; };
		B6F780652A4F238100365987 /* TaskTableController.swift */ = {isa = PBXFileReference; lastKnownFileType = sourcecode.swift; path = TaskTableController.swift; sourceTree = "<group>"; };
		C42B757247543703F8C0040E /* Pods-ToDo.release.xcconfig */ = {isa = PBXFileReference; includeInIndex = 1; lastKnownFileType = text.xcconfig; name = "Pods-ToDo.release.xcconfig"; path = "Target Support Files/Pods-ToDo/Pods-ToDo.release.xcconfig"; sourceTree = "<group>"; };
/* End PBXFileReference section */

/* Begin PBXFrameworksBuildPhase section */
		B67CA2F22A3A15D400FCEC8E /* Frameworks */ = {
			isa = PBXFrameworksBuildPhase;
			buildActionMask = 2147483647;
			files = (
				B62BCD112A4FDC99009F009E /* CocoaLumberjackSwift in Frameworks */,
				B62BCD132A4FDC99009F009E /* CocoaLumberjackSwiftLogBackend in Frameworks */,
				B62BCD0F2A4FDC99009F009E /* CocoaLumberjack in Frameworks */,
				F0CC1B2F37C7C1626F3DCED0 /* Pods_ToDo.framework in Frameworks */,
			);
			runOnlyForDeploymentPostprocessing = 0;
		};
		B67CA3082A3A15D700FCEC8E /* Frameworks */ = {
			isa = PBXFrameworksBuildPhase;
			buildActionMask = 2147483647;
			files = (
				79F141926E32A18979FAEBBB /* Pods_ToDoTests.framework in Frameworks */,
			);
			runOnlyForDeploymentPostprocessing = 0;
		};
		B67CA3122A3A15D700FCEC8E /* Frameworks */ = {
			isa = PBXFrameworksBuildPhase;
			buildActionMask = 2147483647;
			files = (
				40F967F2454ED2C263E91632 /* Pods_ToDo_ToDoUITests.framework in Frameworks */,
			);
			runOnlyForDeploymentPostprocessing = 0;
		};
/* End PBXFrameworksBuildPhase section */

/* Begin PBXGroup section */
		18993E32873F7E76BF3DDDE0 /* Frameworks */ = {
			isa = PBXGroup;
			children = (
				0B79BDBFE1F2B6AC52B60A62 /* Pods_ToDo.framework */,
				9E494B5BA20C140AA08EF57C /* Pods_ToDo_ToDoUITests.framework */,
				6D9E485C8E98592ADD1F1022 /* Pods_ToDoTests.framework */,
			);
			name = Frameworks;
			sourceTree = "<group>";
		};
		22B16C6B8BC882DC43CEA458 /* Pods */ = {
			isa = PBXGroup;
			children = (
				906A04CEB995D6E4A7B5CC92 /* Pods-ToDo.debug.xcconfig */,
				C42B757247543703F8C0040E /* Pods-ToDo.release.xcconfig */,
				0C92746C8C7CB40A8837615F /* Pods-ToDo-ToDoUITests.debug.xcconfig */,
				1C17BA161A8A9A3132D4EA6A /* Pods-ToDo-ToDoUITests.release.xcconfig */,
				5500F4A28CD914233850230A /* Pods-ToDoTests.debug.xcconfig */,
				405B4AAA09FBB5D7197647AD /* Pods-ToDoTests.release.xcconfig */,
			);
			path = Pods;
			sourceTree = "<group>";
		};
		B63199CE2A4635AD00A54571 /* Views */ = {
			isa = PBXGroup;
			children = (
				B63199CF2A46360200A54571 /* TodoSettingsView.swift */,
				B63199D12A465A3A00A54571 /* DividerView.swift */,
				B62BCD0B2A4F8C9F009F009E /* TaskTableViewCell.swift */,
			);
			path = Views;
			sourceTree = "<group>";
		};
		B666F8AB2A3B77FE00FB9051 /* Domian */ = {
			isa = PBXGroup;
			children = (
				B666F8AC2A3B781E00FB9051 /* TodoItem.swift */,
				B666F8AE2A3B785800FB9051 /* FileCache.swift */,
			);
			path = Domian;
			sourceTree = "<group>";
		};
		B67CA2EC2A3A15D400FCEC8E = {
			isa = PBXGroup;
			children = (
				B67CA2F72A3A15D400FCEC8E /* ToDo */,
				B67CA30E2A3A15D700FCEC8E /* ToDoTests */,
				B67CA3182A3A15D700FCEC8E /* ToDoUITests */,
				B67CA2F62A3A15D400FCEC8E /* Products */,
				22B16C6B8BC882DC43CEA458 /* Pods */,
				18993E32873F7E76BF3DDDE0 /* Frameworks */,
			);
			sourceTree = "<group>";
		};
		B67CA2F62A3A15D400FCEC8E /* Products */ = {
			isa = PBXGroup;
			children = (
				B67CA2F52A3A15D400FCEC8E /* ToDo.app */,
				B67CA30B2A3A15D700FCEC8E /* ToDoTests.xctest */,
				B67CA3152A3A15D700FCEC8E /* ToDoUITests.xctest */,
			);
			name = Products;
			sourceTree = "<group>";
		};
		B67CA2F72A3A15D400FCEC8E /* ToDo */ = {
			isa = PBXGroup;
			children = (
				B63199CE2A4635AD00A54571 /* Views */,
				B6BC7CDD2A436C7200E50B18 /* Controllers */,
				B666F8AB2A3B77FE00FB9051 /* Domian */,
				B67CA2F82A3A15D400FCEC8E /* AppDelegate.swift */,
				B67CA2FA2A3A15D400FCEC8E /* SceneDelegate.swift */,
				B67CA3012A3A15D700FCEC8E /* Assets.xcassets */,
				B67CA3032A3A15D700FCEC8E /* LaunchScreen.storyboard */,
				B67CA3062A3A15D700FCEC8E /* Info.plist */,
				B6BC7CDF2A44B0E600E50B18 /* Assets.swift */,
				B62BCD142A4FDCF8009F009E /* Logger.swift */,
			);
			path = ToDo;
			sourceTree = "<group>";
		};
		B67CA30E2A3A15D700FCEC8E /* ToDoTests */ = {
			isa = PBXGroup;
			children = (
				B65D96752A3CFD3900C489A3 /* FileCacheTests.swift */,
				B67CA30F2A3A15D700FCEC8E /* ToDoJsonTests.swift */,
			);
			path = ToDoTests;
			sourceTree = "<group>";
		};
		B67CA3182A3A15D700FCEC8E /* ToDoUITests */ = {
			isa = PBXGroup;
			children = (
				B67CA3192A3A15D700FCEC8E /* ToDoUITests.swift */,
				B67CA31B2A3A15D700FCEC8E /* ToDoUITestsLaunchTests.swift */,
			);
			path = ToDoUITests;
			sourceTree = "<group>";
		};
		B6BC7CDD2A436C7200E50B18 /* Controllers */ = {
			isa = PBXGroup;
			children = (
				B67CA2FC2A3A15D400FCEC8E /* TaskDetailController.swift */,
				B6F780652A4F238100365987 /* TaskTableController.swift */,
			);
			path = Controllers;
			sourceTree = "<group>";
		};
/* End PBXGroup section */

/* Begin PBXNativeTarget section */
		B67CA2F42A3A15D400FCEC8E /* ToDo */ = {
			isa = PBXNativeTarget;
			buildConfigurationList = B67CA31F2A3A15D700FCEC8E /* Build configuration list for PBXNativeTarget "ToDo" */;
			buildPhases = (
				5A0B2653751E71EE49D2EB84 /* [CP] Check Pods Manifest.lock */,
				B67CA2F12A3A15D400FCEC8E /* Sources */,
				B67CA2F22A3A15D400FCEC8E /* Frameworks */,
				B67CA2F32A3A15D400FCEC8E /* Resources */,
				B6853B5F2A4FE48B009F4212 /* ShellScript */,
			);
			buildRules = (
			);
			dependencies = (
			);
			name = ToDo;
			packageProductDependencies = (
				B62BCD0E2A4FDC99009F009E /* CocoaLumberjack */,
				B62BCD102A4FDC99009F009E /* CocoaLumberjackSwift */,
				B62BCD122A4FDC99009F009E /* CocoaLumberjackSwiftLogBackend */,
			);
			productName = ToDo;
			productReference = B67CA2F52A3A15D400FCEC8E /* ToDo.app */;
			productType = "com.apple.product-type.application";
		};
		B67CA30A2A3A15D700FCEC8E /* ToDoTests */ = {
			isa = PBXNativeTarget;
			buildConfigurationList = B67CA3222A3A15D700FCEC8E /* Build configuration list for PBXNativeTarget "ToDoTests" */;
			buildPhases = (
				B2B4B4B7D6747F80DB0D0629 /* [CP] Check Pods Manifest.lock */,
				B67CA3072A3A15D700FCEC8E /* Sources */,
				B67CA3082A3A15D700FCEC8E /* Frameworks */,
				B67CA3092A3A15D700FCEC8E /* Resources */,
			);
			buildRules = (
			);
			dependencies = (
				B67CA30D2A3A15D700FCEC8E /* PBXTargetDependency */,
			);
			name = ToDoTests;
			productName = ToDoTests;
			productReference = B67CA30B2A3A15D700FCEC8E /* ToDoTests.xctest */;
			productType = "com.apple.product-type.bundle.unit-test";
		};
		B67CA3142A3A15D700FCEC8E /* ToDoUITests */ = {
			isa = PBXNativeTarget;
			buildConfigurationList = B67CA3252A3A15D700FCEC8E /* Build configuration list for PBXNativeTarget "ToDoUITests" */;
			buildPhases = (
				9211D39825CBBFB2171AA7D3 /* [CP] Check Pods Manifest.lock */,
				B67CA3112A3A15D700FCEC8E /* Sources */,
				B67CA3122A3A15D700FCEC8E /* Frameworks */,
				B67CA3132A3A15D700FCEC8E /* Resources */,
			);
			buildRules = (
			);
			dependencies = (
				B67CA3172A3A15D700FCEC8E /* PBXTargetDependency */,
			);
			name = ToDoUITests;
			productName = ToDoUITests;
			productReference = B67CA3152A3A15D700FCEC8E /* ToDoUITests.xctest */;
			productType = "com.apple.product-type.bundle.ui-testing";
		};
/* End PBXNativeTarget section */

/* Begin PBXProject section */
		B67CA2ED2A3A15D400FCEC8E /* Project object */ = {
			isa = PBXProject;
			attributes = {
				BuildIndependentTargetsInParallel = 1;
				LastSwiftUpdateCheck = 1410;
				LastUpgradeCheck = 1410;
				TargetAttributes = {
					B67CA2F42A3A15D400FCEC8E = {
						CreatedOnToolsVersion = 14.1;
					};
					B67CA30A2A3A15D700FCEC8E = {
						CreatedOnToolsVersion = 14.1;
						TestTargetID = B67CA2F42A3A15D400FCEC8E;
					};
					B67CA3142A3A15D700FCEC8E = {
						CreatedOnToolsVersion = 14.1;
						TestTargetID = B67CA2F42A3A15D400FCEC8E;
					};
				};
			};
			buildConfigurationList = B67CA2F02A3A15D400FCEC8E /* Build configuration list for PBXProject "ToDo" */;
			compatibilityVersion = "Xcode 14.0";
			developmentRegion = en;
			hasScannedForEncodings = 0;
			knownRegions = (
				en,
				Base,
			);
			mainGroup = B67CA2EC2A3A15D400FCEC8E;
			packageReferences = (
				B62BCD0D2A4FDC99009F009E /* XCRemoteSwiftPackageReference "CocoaLumberjack" */,
			);
			productRefGroup = B67CA2F62A3A15D400FCEC8E /* Products */;
			projectDirPath = "";
			projectRoot = "";
			targets = (
				B67CA2F42A3A15D400FCEC8E /* ToDo */,
				B67CA30A2A3A15D700FCEC8E /* ToDoTests */,
				B67CA3142A3A15D700FCEC8E /* ToDoUITests */,
			);
		};
/* End PBXProject section */

/* Begin PBXResourcesBuildPhase section */
		B67CA2F32A3A15D400FCEC8E /* Resources */ = {
			isa = PBXResourcesBuildPhase;
			buildActionMask = 2147483647;
			files = (
				B67CA3052A3A15D700FCEC8E /* LaunchScreen.storyboard in Resources */,
				B67CA3022A3A15D700FCEC8E /* Assets.xcassets in Resources */,
			);
			runOnlyForDeploymentPostprocessing = 0;
		};
		B67CA3092A3A15D700FCEC8E /* Resources */ = {
			isa = PBXResourcesBuildPhase;
			buildActionMask = 2147483647;
			files = (
			);
			runOnlyForDeploymentPostprocessing = 0;
		};
		B67CA3132A3A15D700FCEC8E /* Resources */ = {
			isa = PBXResourcesBuildPhase;
			buildActionMask = 2147483647;
			files = (
			);
			runOnlyForDeploymentPostprocessing = 0;
		};
/* End PBXResourcesBuildPhase section */

/* Begin PBXShellScriptBuildPhase section */
		5A0B2653751E71EE49D2EB84 /* [CP] Check Pods Manifest.lock */ = {
			isa = PBXShellScriptBuildPhase;
			buildActionMask = 2147483647;
			files = (
			);
			inputFileListPaths = (
			);
			inputPaths = (
				"${PODS_PODFILE_DIR_PATH}/Podfile.lock",
				"${PODS_ROOT}/Manifest.lock",
			);
			name = "[CP] Check Pods Manifest.lock";
			outputFileListPaths = (
			);
			outputPaths = (
				"$(DERIVED_FILE_DIR)/Pods-ToDo-checkManifestLockResult.txt",
			);
			runOnlyForDeploymentPostprocessing = 0;
			shellPath = /bin/sh;
			shellScript = "diff \"${PODS_PODFILE_DIR_PATH}/Podfile.lock\" \"${PODS_ROOT}/Manifest.lock\" > /dev/null\nif [ $? != 0 ] ; then\n    # print error to STDERR\n    echo \"error: The sandbox is not in sync with the Podfile.lock. Run 'pod install' or update your CocoaPods installation.\" >&2\n    exit 1\nfi\n# This output is used by Xcode 'outputs' to avoid re-running this script phase.\necho \"SUCCESS\" > \"${SCRIPT_OUTPUT_FILE_0}\"\n";
			showEnvVarsInLog = 0;
		};
		9211D39825CBBFB2171AA7D3 /* [CP] Check Pods Manifest.lock */ = {
			isa = PBXShellScriptBuildPhase;
			buildActionMask = 2147483647;
			files = (
			);
			inputFileListPaths = (
			);
			inputPaths = (
				"${PODS_PODFILE_DIR_PATH}/Podfile.lock",
				"${PODS_ROOT}/Manifest.lock",
			);
			name = "[CP] Check Pods Manifest.lock";
			outputFileListPaths = (
			);
			outputPaths = (
				"$(DERIVED_FILE_DIR)/Pods-ToDo-ToDoUITests-checkManifestLockResult.txt",
			);
			runOnlyForDeploymentPostprocessing = 0;
			shellPath = /bin/sh;
			shellScript = "diff \"${PODS_PODFILE_DIR_PATH}/Podfile.lock\" \"${PODS_ROOT}/Manifest.lock\" > /dev/null\nif [ $? != 0 ] ; then\n    # print error to STDERR\n    echo \"error: The sandbox is not in sync with the Podfile.lock. Run 'pod install' or update your CocoaPods installation.\" >&2\n    exit 1\nfi\n# This output is used by Xcode 'outputs' to avoid re-running this script phase.\necho \"SUCCESS\" > \"${SCRIPT_OUTPUT_FILE_0}\"\n";
			showEnvVarsInLog = 0;
		};
		B2B4B4B7D6747F80DB0D0629 /* [CP] Check Pods Manifest.lock */ = {
			isa = PBXShellScriptBuildPhase;
			buildActionMask = 2147483647;
			files = (
			);
			inputFileListPaths = (
			);
			inputPaths = (
				"${PODS_PODFILE_DIR_PATH}/Podfile.lock",
				"${PODS_ROOT}/Manifest.lock",
			);
			name = "[CP] Check Pods Manifest.lock";
			outputFileListPaths = (
			);
			outputPaths = (
				"$(DERIVED_FILE_DIR)/Pods-ToDoTests-checkManifestLockResult.txt",
			);
			runOnlyForDeploymentPostprocessing = 0;
			shellPath = /bin/sh;
			shellScript = "diff \"${PODS_PODFILE_DIR_PATH}/Podfile.lock\" \"${PODS_ROOT}/Manifest.lock\" > /dev/null\nif [ $? != 0 ] ; then\n    # print error to STDERR\n    echo \"error: The sandbox is not in sync with the Podfile.lock. Run 'pod install' or update your CocoaPods installation.\" >&2\n    exit 1\nfi\n# This output is used by Xcode 'outputs' to avoid re-running this script phase.\necho \"SUCCESS\" > \"${SCRIPT_OUTPUT_FILE_0}\"\n";
			showEnvVarsInLog = 0;
		};
		B6853B5F2A4FE48B009F4212 /* ShellScript */ = {
			isa = PBXShellScriptBuildPhase;
			buildActionMask = 2147483647;
			files = (
			);
			inputFileListPaths = (
			);
			inputPaths = (
			);
			outputFileListPaths = (
			);
			outputPaths = (
			);
			runOnlyForDeploymentPostprocessing = 0;
			shellPath = /bin/sh;
			shellScript = "\"${PODS_ROOT}/SwiftLint/swiftlint\"\n";
		};
/* End PBXShellScriptBuildPhase section */

/* Begin PBXSourcesBuildPhase section */
		B67CA2F12A3A15D400FCEC8E /* Sources */ = {
			isa = PBXSourcesBuildPhase;
			buildActionMask = 2147483647;
			files = (
				B63199D02A46360200A54571 /* TodoSettingsView.swift in Sources */,
				B62BCD152A4FDCF8009F009E /* Logger.swift in Sources */,
				B67CA2FD2A3A15D400FCEC8E /* TaskDetailController.swift in Sources */,
				B62BCD0C2A4F8C9F009F009E /* TaskTableViewCell.swift in Sources */,
				B67CA2F92A3A15D400FCEC8E /* AppDelegate.swift in Sources */,
				B6BC7CE02A44B0E600E50B18 /* Assets.swift in Sources */,
				B666F8AD2A3B781E00FB9051 /* TodoItem.swift in Sources */,
				B6F780662A4F238100365987 /* TaskTableController.swift in Sources */,
				B666F8AF2A3B785800FB9051 /* FileCache.swift in Sources */,
				B63199D22A465A3A00A54571 /* DividerView.swift in Sources */,
				B67CA2FB2A3A15D400FCEC8E /* SceneDelegate.swift in Sources */,
			);
			runOnlyForDeploymentPostprocessing = 0;
		};
		B67CA3072A3A15D700FCEC8E /* Sources */ = {
			isa = PBXSourcesBuildPhase;
			buildActionMask = 2147483647;
			files = (
				B65D96762A3CFD3900C489A3 /* FileCacheTests.swift in Sources */,
				B67CA3102A3A15D700FCEC8E /* ToDoJsonTests.swift in Sources */,
			);
			runOnlyForDeploymentPostprocessing = 0;
		};
		B67CA3112A3A15D700FCEC8E /* Sources */ = {
			isa = PBXSourcesBuildPhase;
			buildActionMask = 2147483647;
			files = (
				B67CA31C2A3A15D700FCEC8E /* ToDoUITestsLaunchTests.swift in Sources */,
				B67CA31A2A3A15D700FCEC8E /* ToDoUITests.swift in Sources */,
			);
			runOnlyForDeploymentPostprocessing = 0;
		};
/* End PBXSourcesBuildPhase section */

/* Begin PBXTargetDependency section */
		B67CA30D2A3A15D700FCEC8E /* PBXTargetDependency */ = {
			isa = PBXTargetDependency;
			target = B67CA2F42A3A15D400FCEC8E /* ToDo */;
			targetProxy = B67CA30C2A3A15D700FCEC8E /* PBXContainerItemProxy */;
		};
		B67CA3172A3A15D700FCEC8E /* PBXTargetDependency */ = {
			isa = PBXTargetDependency;
			target = B67CA2F42A3A15D400FCEC8E /* ToDo */;
			targetProxy = B67CA3162A3A15D700FCEC8E /* PBXContainerItemProxy */;
		};
/* End PBXTargetDependency section */

/* Begin PBXVariantGroup section */
		B67CA3032A3A15D700FCEC8E /* LaunchScreen.storyboard */ = {
			isa = PBXVariantGroup;
			children = (
				B67CA3042A3A15D700FCEC8E /* Base */,
			);
			name = LaunchScreen.storyboard;
			sourceTree = "<group>";
		};
/* End PBXVariantGroup section */

/* Begin XCBuildConfiguration section */
		B67CA31D2A3A15D700FCEC8E /* Debug */ = {
			isa = XCBuildConfiguration;
			buildSettings = {
				ALWAYS_SEARCH_USER_PATHS = NO;
				CLANG_ANALYZER_NONNULL = YES;
				CLANG_ANALYZER_NUMBER_OBJECT_CONVERSION = YES_AGGRESSIVE;
				CLANG_CXX_LANGUAGE_STANDARD = "gnu++20";
				CLANG_ENABLE_MODULES = YES;
				CLANG_ENABLE_OBJC_ARC = YES;
				CLANG_ENABLE_OBJC_WEAK = YES;
				CLANG_WARN_BLOCK_CAPTURE_AUTORELEASING = YES;
				CLANG_WARN_BOOL_CONVERSION = YES;
				CLANG_WARN_COMMA = YES;
				CLANG_WARN_CONSTANT_CONVERSION = YES;
				CLANG_WARN_DEPRECATED_OBJC_IMPLEMENTATIONS = YES;
				CLANG_WARN_DIRECT_OBJC_ISA_USAGE = YES_ERROR;
				CLANG_WARN_DOCUMENTATION_COMMENTS = YES;
				CLANG_WARN_EMPTY_BODY = YES;
				CLANG_WARN_ENUM_CONVERSION = YES;
				CLANG_WARN_INFINITE_RECURSION = YES;
				CLANG_WARN_INT_CONVERSION = YES;
				CLANG_WARN_NON_LITERAL_NULL_CONVERSION = YES;
				CLANG_WARN_OBJC_IMPLICIT_RETAIN_SELF = YES;
				CLANG_WARN_OBJC_LITERAL_CONVERSION = YES;
				CLANG_WARN_OBJC_ROOT_CLASS = YES_ERROR;
				CLANG_WARN_QUOTED_INCLUDE_IN_FRAMEWORK_HEADER = YES;
				CLANG_WARN_RANGE_LOOP_ANALYSIS = YES;
				CLANG_WARN_STRICT_PROTOTYPES = YES;
				CLANG_WARN_SUSPICIOUS_MOVE = YES;
				CLANG_WARN_UNGUARDED_AVAILABILITY = YES_AGGRESSIVE;
				CLANG_WARN_UNREACHABLE_CODE = YES;
				CLANG_WARN__DUPLICATE_METHOD_MATCH = YES;
				COPY_PHASE_STRIP = NO;
				DEBUG_INFORMATION_FORMAT = dwarf;
				ENABLE_STRICT_OBJC_MSGSEND = YES;
				ENABLE_TESTABILITY = YES;
				GCC_C_LANGUAGE_STANDARD = gnu11;
				GCC_DYNAMIC_NO_PIC = NO;
				GCC_NO_COMMON_BLOCKS = YES;
				GCC_OPTIMIZATION_LEVEL = 0;
				GCC_PREPROCESSOR_DEFINITIONS = (
					"DEBUG=1",
					"$(inherited)",
				);
				GCC_WARN_64_TO_32_BIT_CONVERSION = YES;
				GCC_WARN_ABOUT_RETURN_TYPE = YES_ERROR;
				GCC_WARN_UNDECLARED_SELECTOR = YES;
				GCC_WARN_UNINITIALIZED_AUTOS = YES_AGGRESSIVE;
				GCC_WARN_UNUSED_FUNCTION = YES;
				GCC_WARN_UNUSED_VARIABLE = YES;
				IPHONEOS_DEPLOYMENT_TARGET = 16.1;
				MTL_ENABLE_DEBUG_INFO = INCLUDE_SOURCE;
				MTL_FAST_MATH = YES;
				ONLY_ACTIVE_ARCH = YES;
				SDKROOT = iphoneos;
				SWIFT_ACTIVE_COMPILATION_CONDITIONS = DEBUG;
				SWIFT_OPTIMIZATION_LEVEL = "-Onone";
			};
			name = Debug;
		};
		B67CA31E2A3A15D700FCEC8E /* Release */ = {
			isa = XCBuildConfiguration;
			buildSettings = {
				ALWAYS_SEARCH_USER_PATHS = NO;
				CLANG_ANALYZER_NONNULL = YES;
				CLANG_ANALYZER_NUMBER_OBJECT_CONVERSION = YES_AGGRESSIVE;
				CLANG_CXX_LANGUAGE_STANDARD = "gnu++20";
				CLANG_ENABLE_MODULES = YES;
				CLANG_ENABLE_OBJC_ARC = YES;
				CLANG_ENABLE_OBJC_WEAK = YES;
				CLANG_WARN_BLOCK_CAPTURE_AUTORELEASING = YES;
				CLANG_WARN_BOOL_CONVERSION = YES;
				CLANG_WARN_COMMA = YES;
				CLANG_WARN_CONSTANT_CONVERSION = YES;
				CLANG_WARN_DEPRECATED_OBJC_IMPLEMENTATIONS = YES;
				CLANG_WARN_DIRECT_OBJC_ISA_USAGE = YES_ERROR;
				CLANG_WARN_DOCUMENTATION_COMMENTS = YES;
				CLANG_WARN_EMPTY_BODY = YES;
				CLANG_WARN_ENUM_CONVERSION = YES;
				CLANG_WARN_INFINITE_RECURSION = YES;
				CLANG_WARN_INT_CONVERSION = YES;
				CLANG_WARN_NON_LITERAL_NULL_CONVERSION = YES;
				CLANG_WARN_OBJC_IMPLICIT_RETAIN_SELF = YES;
				CLANG_WARN_OBJC_LITERAL_CONVERSION = YES;
				CLANG_WARN_OBJC_ROOT_CLASS = YES_ERROR;
				CLANG_WARN_QUOTED_INCLUDE_IN_FRAMEWORK_HEADER = YES;
				CLANG_WARN_RANGE_LOOP_ANALYSIS = YES;
				CLANG_WARN_STRICT_PROTOTYPES = YES;
				CLANG_WARN_SUSPICIOUS_MOVE = YES;
				CLANG_WARN_UNGUARDED_AVAILABILITY = YES_AGGRESSIVE;
				CLANG_WARN_UNREACHABLE_CODE = YES;
				CLANG_WARN__DUPLICATE_METHOD_MATCH = YES;
				COPY_PHASE_STRIP = NO;
				DEBUG_INFORMATION_FORMAT = "dwarf-with-dsym";
				ENABLE_NS_ASSERTIONS = NO;
				ENABLE_STRICT_OBJC_MSGSEND = YES;
				GCC_C_LANGUAGE_STANDARD = gnu11;
				GCC_NO_COMMON_BLOCKS = YES;
				GCC_WARN_64_TO_32_BIT_CONVERSION = YES;
				GCC_WARN_ABOUT_RETURN_TYPE = YES_ERROR;
				GCC_WARN_UNDECLARED_SELECTOR = YES;
				GCC_WARN_UNINITIALIZED_AUTOS = YES_AGGRESSIVE;
				GCC_WARN_UNUSED_FUNCTION = YES;
				GCC_WARN_UNUSED_VARIABLE = YES;
				IPHONEOS_DEPLOYMENT_TARGET = 16.1;
				MTL_ENABLE_DEBUG_INFO = NO;
				MTL_FAST_MATH = YES;
				SDKROOT = iphoneos;
				SWIFT_COMPILATION_MODE = wholemodule;
				SWIFT_OPTIMIZATION_LEVEL = "-O";
				VALIDATE_PRODUCT = YES;
			};
			name = Release;
		};
		B67CA3202A3A15D700FCEC8E /* Debug */ = {
			isa = XCBuildConfiguration;
			baseConfigurationReference = 906A04CEB995D6E4A7B5CC92 /* Pods-ToDo.debug.xcconfig */;
			buildSettings = {
				ASSETCATALOG_COMPILER_APPICON_NAME = AppIcon;
				ASSETCATALOG_COMPILER_GLOBAL_ACCENT_COLOR_NAME = AccentColor;
				CODE_SIGN_STYLE = Automatic;
				CURRENT_PROJECT_VERSION = 1;
				DEVELOPMENT_TEAM = MRR4U42KHN;
				GENERATE_INFOPLIST_FILE = YES;
				INFOPLIST_FILE = ToDo/Info.plist;
				INFOPLIST_KEY_UIApplicationSupportsIndirectInputEvents = YES;
				INFOPLIST_KEY_UILaunchStoryboardName = LaunchScreen;
				INFOPLIST_KEY_UISupportedInterfaceOrientations_iPad = "UIInterfaceOrientationPortrait UIInterfaceOrientationPortraitUpsideDown UIInterfaceOrientationLandscapeLeft UIInterfaceOrientationLandscapeRight";
				INFOPLIST_KEY_UISupportedInterfaceOrientations_iPhone = "UIInterfaceOrientationPortrait UIInterfaceOrientationLandscapeLeft UIInterfaceOrientationLandscapeRight";
				IPHONEOS_DEPLOYMENT_TARGET = 14.0;
				LD_RUNPATH_SEARCH_PATHS = (
					"$(inherited)",
					"@executable_path/Frameworks",
				);
				MARKETING_VERSION = 1.0;
				PRODUCT_BUNDLE_IDENTIFIER = com.idontknow.ToDo;
				PRODUCT_NAME = "$(TARGET_NAME)";
				SWIFT_EMIT_LOC_STRINGS = YES;
				SWIFT_VERSION = 5.0;
				TARGETED_DEVICE_FAMILY = "1,2";
			};
			name = Debug;
		};
		B67CA3212A3A15D700FCEC8E /* Release */ = {
			isa = XCBuildConfiguration;
			baseConfigurationReference = C42B757247543703F8C0040E /* Pods-ToDo.release.xcconfig */;
			buildSettings = {
				ASSETCATALOG_COMPILER_APPICON_NAME = AppIcon;
				ASSETCATALOG_COMPILER_GLOBAL_ACCENT_COLOR_NAME = AccentColor;
				CODE_SIGN_STYLE = Automatic;
				CURRENT_PROJECT_VERSION = 1;
				DEVELOPMENT_TEAM = MRR4U42KHN;
				GENERATE_INFOPLIST_FILE = YES;
				INFOPLIST_FILE = ToDo/Info.plist;
				INFOPLIST_KEY_UIApplicationSupportsIndirectInputEvents = YES;
				INFOPLIST_KEY_UILaunchStoryboardName = LaunchScreen;
				INFOPLIST_KEY_UISupportedInterfaceOrientations_iPad = "UIInterfaceOrientationPortrait UIInterfaceOrientationPortraitUpsideDown UIInterfaceOrientationLandscapeLeft UIInterfaceOrientationLandscapeRight";
				INFOPLIST_KEY_UISupportedInterfaceOrientations_iPhone = "UIInterfaceOrientationPortrait UIInterfaceOrientationLandscapeLeft UIInterfaceOrientationLandscapeRight";
				IPHONEOS_DEPLOYMENT_TARGET = 14.0;
				LD_RUNPATH_SEARCH_PATHS = (
					"$(inherited)",
					"@executable_path/Frameworks",
				);
				MARKETING_VERSION = 1.0;
				PRODUCT_BUNDLE_IDENTIFIER = com.idontknow.ToDo;
				PRODUCT_NAME = "$(TARGET_NAME)";
				SWIFT_EMIT_LOC_STRINGS = YES;
				SWIFT_VERSION = 5.0;
				TARGETED_DEVICE_FAMILY = "1,2";
			};
			name = Release;
		};
		B67CA3232A3A15D700FCEC8E /* Debug */ = {
			isa = XCBuildConfiguration;
			baseConfigurationReference = 5500F4A28CD914233850230A /* Pods-ToDoTests.debug.xcconfig */;
			buildSettings = {
				ALWAYS_EMBED_SWIFT_STANDARD_LIBRARIES = YES;
				BUNDLE_LOADER = "$(TEST_HOST)";
				CODE_SIGN_STYLE = Automatic;
				CURRENT_PROJECT_VERSION = 1;
				DEVELOPMENT_TEAM = MRR4U42KHN;
				GENERATE_INFOPLIST_FILE = YES;
				IPHONEOS_DEPLOYMENT_TARGET = 16.1;
				MARKETING_VERSION = 1.0;
				PRODUCT_BUNDLE_IDENTIFIER = com.idontknow.ToDoTests;
				PRODUCT_NAME = "$(TARGET_NAME)";
				SWIFT_EMIT_LOC_STRINGS = NO;
				SWIFT_VERSION = 5.0;
				TARGETED_DEVICE_FAMILY = "1,2";
				TEST_HOST = "$(BUILT_PRODUCTS_DIR)/ToDo.app/$(BUNDLE_EXECUTABLE_FOLDER_PATH)/ToDo";
			};
			name = Debug;
		};
		B67CA3242A3A15D700FCEC8E /* Release */ = {
			isa = XCBuildConfiguration;
			baseConfigurationReference = 405B4AAA09FBB5D7197647AD /* Pods-ToDoTests.release.xcconfig */;
			buildSettings = {
				ALWAYS_EMBED_SWIFT_STANDARD_LIBRARIES = YES;
				BUNDLE_LOADER = "$(TEST_HOST)";
				CODE_SIGN_STYLE = Automatic;
				CURRENT_PROJECT_VERSION = 1;
				DEVELOPMENT_TEAM = MRR4U42KHN;
				GENERATE_INFOPLIST_FILE = YES;
				IPHONEOS_DEPLOYMENT_TARGET = 16.1;
				MARKETING_VERSION = 1.0;
				PRODUCT_BUNDLE_IDENTIFIER = com.idontknow.ToDoTests;
				PRODUCT_NAME = "$(TARGET_NAME)";
				SWIFT_EMIT_LOC_STRINGS = NO;
				SWIFT_VERSION = 5.0;
				TARGETED_DEVICE_FAMILY = "1,2";
				TEST_HOST = "$(BUILT_PRODUCTS_DIR)/ToDo.app/$(BUNDLE_EXECUTABLE_FOLDER_PATH)/ToDo";
			};
			name = Release;
		};
		B67CA3262A3A15D700FCEC8E /* Debug */ = {
			isa = XCBuildConfiguration;
			baseConfigurationReference = 0C92746C8C7CB40A8837615F /* Pods-ToDo-ToDoUITests.debug.xcconfig */;
			buildSettings = {
				ALWAYS_EMBED_SWIFT_STANDARD_LIBRARIES = YES;
				CODE_SIGN_STYLE = Automatic;
				CURRENT_PROJECT_VERSION = 1;
				DEVELOPMENT_TEAM = MRR4U42KHN;
				GENERATE_INFOPLIST_FILE = YES;
				MARKETING_VERSION = 1.0;
				PRODUCT_BUNDLE_IDENTIFIER = com.idontknow.ToDoUITests;
				PRODUCT_NAME = "$(TARGET_NAME)";
				SWIFT_EMIT_LOC_STRINGS = NO;
				SWIFT_VERSION = 5.0;
				TARGETED_DEVICE_FAMILY = "1,2";
				TEST_TARGET_NAME = ToDo;
			};
			name = Debug;
		};
		B67CA3272A3A15D700FCEC8E /* Release */ = {
			isa = XCBuildConfiguration;
			baseConfigurationReference = 1C17BA161A8A9A3132D4EA6A /* Pods-ToDo-ToDoUITests.release.xcconfig */;
			buildSettings = {
				ALWAYS_EMBED_SWIFT_STANDARD_LIBRARIES = YES;
				CODE_SIGN_STYLE = Automatic;
				CURRENT_PROJECT_VERSION = 1;
				DEVELOPMENT_TEAM = MRR4U42KHN;
				GENERATE_INFOPLIST_FILE = YES;
				MARKETING_VERSION = 1.0;
				PRODUCT_BUNDLE_IDENTIFIER = com.idontknow.ToDoUITests;
				PRODUCT_NAME = "$(TARGET_NAME)";
				SWIFT_EMIT_LOC_STRINGS = NO;
				SWIFT_VERSION = 5.0;
				TARGETED_DEVICE_FAMILY = "1,2";
				TEST_TARGET_NAME = ToDo;
			};
			name = Release;
		};
/* End XCBuildConfiguration section */

/* Begin XCConfigurationList section */
		B67CA2F02A3A15D400FCEC8E /* Build configuration list for PBXProject "ToDo" */ = {
			isa = XCConfigurationList;
			buildConfigurations = (
				B67CA31D2A3A15D700FCEC8E /* Debug */,
				B67CA31E2A3A15D700FCEC8E /* Release */,
			);
			defaultConfigurationIsVisible = 0;
			defaultConfigurationName = Release;
		};
		B67CA31F2A3A15D700FCEC8E /* Build configuration list for PBXNativeTarget "ToDo" */ = {
			isa = XCConfigurationList;
			buildConfigurations = (
				B67CA3202A3A15D700FCEC8E /* Debug */,
				B67CA3212A3A15D700FCEC8E /* Release */,
			);
			defaultConfigurationIsVisible = 0;
			defaultConfigurationName = Release;
		};
		B67CA3222A3A15D700FCEC8E /* Build configuration list for PBXNativeTarget "ToDoTests" */ = {
			isa = XCConfigurationList;
			buildConfigurations = (
				B67CA3232A3A15D700FCEC8E /* Debug */,
				B67CA3242A3A15D700FCEC8E /* Release */,
			);
			defaultConfigurationIsVisible = 0;
			defaultConfigurationName = Release;
		};
		B67CA3252A3A15D700FCEC8E /* Build configuration list for PBXNativeTarget "ToDoUITests" */ = {
			isa = XCConfigurationList;
			buildConfigurations = (
				B67CA3262A3A15D700FCEC8E /* Debug */,
				B67CA3272A3A15D700FCEC8E /* Release */,
			);
			defaultConfigurationIsVisible = 0;
			defaultConfigurationName = Release;
		};
/* End XCConfigurationList section */

/* Begin XCRemoteSwiftPackageReference section */
		B62BCD0D2A4FDC99009F009E /* XCRemoteSwiftPackageReference "CocoaLumberjack" */ = {
			isa = XCRemoteSwiftPackageReference;
			repositoryURL = "https://github.com/CocoaLumberjack/CocoaLumberjack";
			requirement = {
				kind = upToNextMajorVersion;
				minimumVersion = 3.0.0;
			};
		};
/* End XCRemoteSwiftPackageReference section */

/* Begin XCSwiftPackageProductDependency section */
		B62BCD0E2A4FDC99009F009E /* CocoaLumberjack */ = {
			isa = XCSwiftPackageProductDependency;
			package = B62BCD0D2A4FDC99009F009E /* XCRemoteSwiftPackageReference "CocoaLumberjack" */;
			productName = CocoaLumberjack;
		};
		B62BCD102A4FDC99009F009E /* CocoaLumberjackSwift */ = {
			isa = XCSwiftPackageProductDependency;
			package = B62BCD0D2A4FDC99009F009E /* XCRemoteSwiftPackageReference "CocoaLumberjack" */;
			productName = CocoaLumberjackSwift;
		};
		B62BCD122A4FDC99009F009E /* CocoaLumberjackSwiftLogBackend */ = {
			isa = XCSwiftPackageProductDependency;
			package = B62BCD0D2A4FDC99009F009E /* XCRemoteSwiftPackageReference "CocoaLumberjack" */;
			productName = CocoaLumberjackSwiftLogBackend;
		};
/* End XCSwiftPackageProductDependency section */
	};
	rootObject = B67CA2ED2A3A15D400FCEC8E /* Project object */;
}
